
Microsoft Visual Studio Solution File, Format Version 12.00
# Visual Studio 15
VisualStudioVersion = 15.0.27703.2018
MinimumVisualStudioVersion = 10.0.40219.1
Project("{9A19103F-16F7-4668-BE54-9A1E7A4F7556}") = "Acw.Core", "Acw.Core\Acw.Core.csproj", "{3227BF63-197B-4D30-9E45-5BC716D55C8E}"
EndProject
Project("{2150E333-8FDC-42A3-9474-1A3956D46DE8}") = "src", "src", "{04941A22-17F0-422E-9DA9-3151CB67D593}"
EndProject
Project("{2150E333-8FDC-42A3-9474-1A3956D46DE8}") = "test", "test", "{99A40EFB-128F-4517-9CA5-AC12690F9C13}"
EndProject
Project("{9A19103F-16F7-4668-BE54-9A1E7A4F7556}") = "SimpleConsoleDemo", "SimpleConsoleDemo\SimpleConsoleDemo.csproj", "{3DBC4751-6956-44C1-8226-D1E9A481AF5D}"
EndProject
Project("{FAE04EC0-301F-11D3-BF4B-00C04F79EFBC}") = "Acw.Castle.Core", "Acw.Castle.Core\Acw.Castle.Core.csproj", "{226CC34D-7576-4150-8605-DE6EB10213AF}"
EndProject
Project("{FAE04EC0-301F-11D3-BF4B-00C04F79EFBC}") = "Acw.TestBase", "Acw.TestBase\Acw.TestBase.csproj", "{2354B65D-43F8-4631-8B91-6B1893829A14}"
EndProject
Project("{FAE04EC0-301F-11D3-BF4B-00C04F79EFBC}") = "AcwTestBase", "AcwTestBase\AcwTestBase.csproj", "{CEE922DF-7DE2-4169-B643-A62C4D1BE7BF}"
EndProject
Project("{FAE04EC0-301F-11D3-BF4B-00C04F79EFBC}") = "Acw.Core.Test", "Acw.Core.Test\Acw.Core.Test.csproj", "{A393870A-9EFB-4547-AF5F-D25AA8435021}"
EndProject
Global
	GlobalSection(SolutionConfigurationPlatforms) = preSolution
		Debug|Any CPU = Debug|Any CPU
		Release|Any CPU = Release|Any CPU
	EndGlobalSection
	GlobalSection(ProjectConfigurationPlatforms) = postSolution
		{3227BF63-197B-4D30-9E45-5BC716D55C8E}.Debug|Any CPU.ActiveCfg = Debug|Any CPU
		{3227BF63-197B-4D30-9E45-5BC716D55C8E}.Debug|Any CPU.Build.0 = Debug|Any CPU
		{3227BF63-197B-4D30-9E45-5BC716D55C8E}.Release|Any CPU.ActiveCfg = Release|Any CPU
		{3227BF63-197B-4D30-9E45-5BC716D55C8E}.Release|Any CPU.Build.0 = Release|Any CPU
		{3DBC4751-6956-44C1-8226-D1E9A481AF5D}.Debug|Any CPU.ActiveCfg = Debug|Any CPU
		{3DBC4751-6956-44C1-8226-D1E9A481AF5D}.Debug|Any CPU.Build.0 = Debug|Any CPU
		{3DBC4751-6956-44C1-8226-D1E9A481AF5D}.Release|Any CPU.ActiveCfg = Release|Any CPU
		{3DBC4751-6956-44C1-8226-D1E9A481AF5D}.Release|Any CPU.Build.0 = Release|Any CPU
		{226CC34D-7576-4150-8605-DE6EB10213AF}.Debug|Any CPU.ActiveCfg = Debug|Any CPU
		{226CC34D-7576-4150-8605-DE6EB10213AF}.Debug|Any CPU.Build.0 = Debug|Any CPU
		{226CC34D-7576-4150-8605-DE6EB10213AF}.Release|Any CPU.ActiveCfg = Release|Any CPU
		{226CC34D-7576-4150-8605-DE6EB10213AF}.Release|Any CPU.Build.0 = Release|Any CPU
		{2354B65D-43F8-4631-8B91-6B1893829A14}.Debug|Any CPU.ActiveCfg = Debug|Any CPU
		{2354B65D-43F8-4631-8B91-6B1893829A14}.Debug|Any CPU.Build.0 = Debug|Any CPU
		{2354B65D-43F8-4631-8B91-6B1893829A14}.Release|Any CPU.ActiveCfg = Release|Any CPU
		{2354B65D-43F8-4631-8B91-6B1893829A14}.Release|Any CPU.Build.0 = Release|Any CPU
		{CEE922DF-7DE2-4169-B643-A62C4D1BE7BF}.Debug|Any CPU.ActiveCfg = Debug|Any CPU
		{CEE922DF-7DE2-4169-B643-A62C4D1BE7BF}.Debug|Any CPU.Build.0 = Debug|Any CPU
		{CEE922DF-7DE2-4169-B643-A62C4D1BE7BF}.Release|Any CPU.ActiveCfg = Release|Any CPU
		{CEE922DF-7DE2-4169-B643-A62C4D1BE7BF}.Release|Any CPU.Build.0 = Release|Any CPU
		{A393870A-9EFB-4547-AF5F-D25AA8435021}.Debug|Any CPU.ActiveCfg = Debug|Any CPU
		{A393870A-9EFB-4547-AF5F-D25AA8435021}.Debug|Any CPU.Build.0 = Debug|Any CPU
		{A393870A-9EFB-4547-AF5F-D25AA8435021}.Release|Any CPU.ActiveCfg = Release|Any CPU
		{A393870A-9EFB-4547-AF5F-D25AA8435021}.Release|Any CPU.Build.0 = Release|Any CPU
	EndGlobalSection
	GlobalSection(SolutionProperties) = preSolution
		HideSolutionNode = FALSE
	EndGlobalSection
	GlobalSection(NestedProjects) = preSolution
		{3227BF63-197B-4D30-9E45-5BC716D55C8E} = {04941A22-17F0-422E-9DA9-3151CB67D593}
		{3DBC4751-6956-44C1-8226-D1E9A481AF5D} = {99A40EFB-128F-4517-9CA5-AC12690F9C13}
		{226CC34D-7576-4150-8605-DE6EB10213AF} = {04941A22-17F0-422E-9DA9-3151CB67D593}
		{2354B65D-43F8-4631-8B91-6B1893829A14} = {04941A22-17F0-422E-9DA9-3151CB67D593}
		{CEE922DF-7DE2-4169-B643-A62C4D1BE7BF} = {99A40EFB-128F-4517-9CA5-AC12690F9C13}
		{A393870A-9EFB-4547-AF5F-D25AA8435021} = {99A40EFB-128F-4517-9CA5-AC12690F9C13}
	EndGlobalSection
	GlobalSection(ExtensibilityGlobals) = postSolution
		SolutionGuid = {B4646DC8-0430-4060-B381-C94CD59701D0}
	EndGlobalSection
EndGlobal
